
Microsoft Visual Studio Solution File, Format Version 12.00
# Visual Studio Version 16
VisualStudioVersion = 16.0.29613.14
MinimumVisualStudioVersion = 10.0.40219.1
Project("{9A19103F-16F7-4668-BE54-9A1E7A4F7556}") = "PerseusApi", "PerseusApi\PerseusApi.csproj", "{455A268B-B63B-4248-872C-6F3435EE1FEE}"
EndProject
Project("{9A19103F-16F7-4668-BE54-9A1E7A4F7556}") = "PerseusPluginLib", "PerseusPluginLib\PerseusPluginLib.csproj", "{7835280A-B744-483E-95F4-94524606EBCE}"
EndProject
Project("{9A19103F-16F7-4668-BE54-9A1E7A4F7556}") = "PluginInterop", "PluginInterop\PluginInterop.csproj", "{FACE58E1-3288-4774-B70D-5735B35C1644}"
EndProject
Project("{9A19103F-16F7-4668-BE54-9A1E7A4F7556}") = "PluginPHOTON", "PluginPHOTON\PluginPHOTON.csproj", "{7B008268-F7D9-4D73-BC3E-71111D2F4970}"
EndProject
Project("{9A19103F-16F7-4668-BE54-9A1E7A4F7556}") = "PluginProteomicRuler", "PluginProteomicRuler\PluginProteomicRuler.csproj", "{C22A6AE3-823E-43C4-A16E-A017FBF69755}"
EndProject
Project("{9A19103F-16F7-4668-BE54-9A1E7A4F7556}") = "PluginMetis", "PluginMetis\PluginMetis.csproj", "{14BC169B-82AB-47A7-9972-9A520150B7A8}"
EndProject
Project("{9A19103F-16F7-4668-BE54-9A1E7A4F7556}") = "PluginDependentPeptides", "PluginDependentPeptides\PluginDependentPeptides.csproj", "{A8F2731C-E094-48FF-A5CD-1B2F17922127}"
EndProject
Project("{9A19103F-16F7-4668-BE54-9A1E7A4F7556}") = "PluginCrossLink", "PluginCrossLink\PluginCrossLink.csproj", "{450C0705-D1BB-49B5-BFD4-2E6BBBC3766D}"
	ProjectSection(ProjectDependencies) = postProject
		{455A268B-B63B-4248-872C-6F3435EE1FEE} = {455A268B-B63B-4248-872C-6F3435EE1FEE}
		{FACE58E1-3288-4774-B70D-5735B35C1644} = {FACE58E1-3288-4774-B70D-5735B35C1644}
	EndProjectSection
EndProject
Project("{9A19103F-16F7-4668-BE54-9A1E7A4F7556}") = "PluginXVis", "PluginXVis\PluginXVis.csproj", "{617D84D9-1BC4-4402-AF42-C4483CA6C073}"
	ProjectSection(ProjectDependencies) = postProject
		{455A268B-B63B-4248-872C-6F3435EE1FEE} = {455A268B-B63B-4248-872C-6F3435EE1FEE}
		{FACE58E1-3288-4774-B70D-5735B35C1644} = {FACE58E1-3288-4774-B70D-5735B35C1644}
	EndProjectSection
EndProject
Global
	GlobalSection(SolutionConfigurationPlatforms) = preSolution
		Debug|Any CPU = Debug|Any CPU
		Release|Any CPU = Release|Any CPU
	EndGlobalSection
	GlobalSection(ProjectConfigurationPlatforms) = postSolution
		{455A268B-B63B-4248-872C-6F3435EE1FEE}.Debug|Any CPU.ActiveCfg = Debug|Any CPU
		{455A268B-B63B-4248-872C-6F3435EE1FEE}.Debug|Any CPU.Build.0 = Debug|Any CPU
		{455A268B-B63B-4248-872C-6F3435EE1FEE}.Release|Any CPU.ActiveCfg = Release|Any CPU
		{455A268B-B63B-4248-872C-6F3435EE1FEE}.Release|Any CPU.Build.0 = Release|Any CPU
		{7835280A-B744-483E-95F4-94524606EBCE}.Debug|Any CPU.ActiveCfg = Debug|Any CPU
		{7835280A-B744-483E-95F4-94524606EBCE}.Debug|Any CPU.Build.0 = Debug|Any CPU
		{7835280A-B744-483E-95F4-94524606EBCE}.Release|Any CPU.ActiveCfg = Release|Any CPU
		{7835280A-B744-483E-95F4-94524606EBCE}.Release|Any CPU.Build.0 = Release|Any CPU
		{FACE58E1-3288-4774-B70D-5735B35C1644}.Debug|Any CPU.ActiveCfg = Debug|Any CPU
		{FACE58E1-3288-4774-B70D-5735B35C1644}.Debug|Any CPU.Build.0 = Debug|Any CPU
		{FACE58E1-3288-4774-B70D-5735B35C1644}.Release|Any CPU.ActiveCfg = Release|Any CPU
		{FACE58E1-3288-4774-B70D-5735B35C1644}.Release|Any CPU.Build.0 = Release|Any CPU
		{7B008268-F7D9-4D73-BC3E-71111D2F4970}.Debug|Any CPU.ActiveCfg = Debug|Any CPU
		{7B008268-F7D9-4D73-BC3E-71111D2F4970}.Debug|Any CPU.Build.0 = Debug|Any CPU
		{7B008268-F7D9-4D73-BC3E-71111D2F4970}.Release|Any CPU.ActiveCfg = Release|Any CPU
		{7B008268-F7D9-4D73-BC3E-71111D2F4970}.Release|Any CPU.Build.0 = Release|Any CPU
		{C22A6AE3-823E-43C4-A16E-A017FBF69755}.Debug|Any CPU.ActiveCfg = Debug|Any CPU
		{C22A6AE3-823E-43C4-A16E-A017FBF69755}.Debug|Any CPU.Build.0 = Debug|Any CPU
		{C22A6AE3-823E-43C4-A16E-A017FBF69755}.Release|Any CPU.ActiveCfg = Release|Any CPU
		{C22A6AE3-823E-43C4-A16E-A017FBF69755}.Release|Any CPU.Build.0 = Release|Any CPU
		{14BC169B-82AB-47A7-9972-9A520150B7A8}.Debug|Any CPU.ActiveCfg = Debug|Any CPU
		{14BC169B-82AB-47A7-9972-9A520150B7A8}.Debug|Any CPU.Build.0 = Debug|Any CPU
		{14BC169B-82AB-47A7-9972-9A520150B7A8}.Release|Any CPU.ActiveCfg = Release|Any CPU
		{14BC169B-82AB-47A7-9972-9A520150B7A8}.Release|Any CPU.Build.0 = Release|Any CPU
		{A8F2731C-E094-48FF-A5CD-1B2F17922127}.Debug|Any CPU.ActiveCfg = Debug|Any CPU
		{A8F2731C-E094-48FF-A5CD-1B2F17922127}.Debug|Any CPU.Build.0 = Debug|Any CPU
		{A8F2731C-E094-48FF-A5CD-1B2F17922127}.Release|Any CPU.ActiveCfg = Release|Any CPU
		{A8F2731C-E094-48FF-A5CD-1B2F17922127}.Release|Any CPU.Build.0 = Release|Any CPU
		{450C0705-D1BB-49B5-BFD4-2E6BBBC3766D}.Debug|Any CPU.ActiveCfg = Debug|Any CPU
		{450C0705-D1BB-49B5-BFD4-2E6BBBC3766D}.Debug|Any CPU.Build.0 = Debug|Any CPU
		{450C0705-D1BB-49B5-BFD4-2E6BBBC3766D}.Release|Any CPU.ActiveCfg = Release|Any CPU
		{450C0705-D1BB-49B5-BFD4-2E6BBBC3766D}.Release|Any CPU.Build.0 = Release|Any CPU
		{617D84D9-1BC4-4402-AF42-C4483CA6C073}.Debug|Any CPU.ActiveCfg = Debug|Any CPU
		{617D84D9-1BC4-4402-AF42-C4483CA6C073}.Debug|Any CPU.Build.0 = Debug|Any CPU
		{617D84D9-1BC4-4402-AF42-C4483CA6C073}.Release|Any CPU.ActiveCfg = Release|Any CPU
		{617D84D9-1BC4-4402-AF42-C4483CA6C073}.Release|Any CPU.Build.0 = Release|Any CPU
	EndGlobalSection
	GlobalSection(SolutionProperties) = preSolution
		HideSolutionNode = FALSE
	EndGlobalSection
	GlobalSection(ExtensibilityGlobals) = postSolution
		SolutionGuid = {7234950B-08EA-4F4A-A97D-BA849C34E2AB}
	EndGlobalSection
EndGlobal
